
Microsoft Visual Studio Solution File, Format Version 12.00
# Visual Studio Version 16
VisualStudioVersion = 16.0.31702.278
MinimumVisualStudioVersion = 10.0.40219.1
Project("{FAE04EC0-301F-11D3-BF4B-00C04F79EFBC}") = "PrjPetShop2020", "PrjPetShop2020\PrjPetShop2020.csproj", "{5F3C0982-4727-4DFD-87A6-0A8B0688E20E}"
EndProject
Global
	GlobalSection(SolutionConfigurationPlatforms) = preSolution
		Debug|Any CPU = Debug|Any CPU
		Release|Any CPU = Release|Any CPU
	EndGlobalSection
	GlobalSection(ProjectConfigurationPlatforms) = postSolution
		{5F3C0982-4727-4DFD-87A6-0A8B0688E20E}.Debug|Any CPU.ActiveCfg = Debug|Any CPU
		{5F3C0982-4727-4DFD-87A6-0A8B0688E20E}.Debug|Any CPU.Build.0 = Debug|Any CPU
		{5F3C0982-4727-4DFD-87A6-0A8B0688E20E}.Release|Any CPU.ActiveCfg = Release|Any CPU
		{5F3C0982-4727-4DFD-87A6-0A8B0688E20E}.Release|Any CPU.Build.0 = Release|Any CPU
	EndGlobalSection
	GlobalSection(SolutionProperties) = preSolution
		HideSolutionNode = FALSE
	EndGlobalSection
	GlobalSection(ExtensibilityGlobals) = postSolution
		SolutionGuid = {4369C58C-F391-4376-BEAA-785D25318B3C}
	EndGlobalSection
EndGlobal
